
Microsoft Visual Studio Solution File, Format Version 12.00
# Visual Studio 15
VisualStudioVersion = 15.0.26430.14
MinimumVisualStudioVersion = 10.0.40219.1
Project("{FAE04EC0-301F-11D3-BF4B-00C04F79EFBC}") = "SuperAdventure", "SuperAdventure\SuperAdventure.csproj", "{D800AB1C-B1DA-40B7-9507-A82ACB0F22B0}"
EndProject
Project("{FAE04EC0-301F-11D3-BF4B-00C04F79EFBC}") = "Engine", "Engine\Engine.csproj", "{D5788480-6872-493C-BAB8-CCDB8361AD41}"
EndProject
Global
	GlobalSection(SolutionConfigurationPlatforms) = preSolution
		Debug|Any CPU = Debug|Any CPU
		Release|Any CPU = Release|Any CPU
	EndGlobalSection
	GlobalSection(ProjectConfigurationPlatforms) = postSolution
		{D800AB1C-B1DA-40B7-9507-A82ACB0F22B0}.Debug|Any CPU.ActiveCfg = Debug|Any CPU
		{D800AB1C-B1DA-40B7-9507-A82ACB0F22B0}.Debug|Any CPU.Build.0 = Debug|Any CPU
		{D800AB1C-B1DA-40B7-9507-A82ACB0F22B0}.Release|Any CPU.ActiveCfg = Release|Any CPU
		{D800AB1C-B1DA-40B7-9507-A82ACB0F22B0}.Release|Any CPU.Build.0 = Release|Any CPU
		{D5788480-6872-493C-BAB8-CCDB8361AD41}.Debug|Any CPU.ActiveCfg = Debug|Any CPU
		{D5788480-6872-493C-BAB8-CCDB8361AD41}.Debug|Any CPU.Build.0 = Debug|Any CPU
		{D5788480-6872-493C-BAB8-CCDB8361AD41}.Release|Any CPU.ActiveCfg = Release|Any CPU
		{D5788480-6872-493C-BAB8-CCDB8361AD41}.Release|Any CPU.Build.0 = Release|Any CPU
	EndGlobalSection
	GlobalSection(SolutionProperties) = preSolution
		HideSolutionNode = FALSE
	EndGlobalSection
EndGlobal
